name: Update flake.lock
on:
  workflow_dispatch:
  schedule:
    - cron: '0 * * * *'

jobs:
  lockfile:
    runs-on: ubuntu-latest
    steps:
      - uses: actions/checkout@v3
      - uses: DeterminateSystems/nix-installer-action@main
        with:
          flakehub-token: ${{ secrets.FLAKEHUB_TOKEN }}
      - uses: DeterminateSystems/update-flake-lock@main
        with:
          flakehub-token: ${{ secrets.FLAKEHUB_TOKEN }}
